
Microsoft Visual Studio Solution File, Format Version 12.00
# Visual Studio Version 17
VisualStudioVersion = 17.3.32922.545
MinimumVisualStudioVersion = 10.0.40219.1
Project("{FAE04EC0-301F-11D3-BF4B-00C04F79EFBC}") = "PinCode", "PinCode\PinCode.csproj", "{711B8D91-43D0-498B-AEFF-4B935940E32A}"
EndProject
Global
	GlobalSection(SolutionConfigurationPlatforms) = preSolution
		Debug|Any CPU = Debug|Any CPU
		Release|Any CPU = Release|Any CPU
	EndGlobalSection
	GlobalSection(ProjectConfigurationPlatforms) = postSolution
		{711B8D91-43D0-498B-AEFF-4B935940E32A}.Debug|Any CPU.ActiveCfg = Debug|Any CPU
		{711B8D91-43D0-498B-AEFF-4B935940E32A}.Debug|Any CPU.Build.0 = Debug|Any CPU
		{711B8D91-43D0-498B-AEFF-4B935940E32A}.Release|Any CPU.ActiveCfg = Release|Any CPU
		{711B8D91-43D0-498B-AEFF-4B935940E32A}.Release|Any CPU.Build.0 = Release|Any CPU
	EndGlobalSection
	GlobalSection(SolutionProperties) = preSolution
		HideSolutionNode = FALSE
	EndGlobalSection
	GlobalSection(ExtensibilityGlobals) = postSolution
		SolutionGuid = {F2BFD3A4-40EF-4152-96F0-68FE20BB7B5F}
	EndGlobalSection
EndGlobal
